
Microsoft Visual Studio Solution File, Format Version 12.00
# Visual Studio Version 17
VisualStudioVersion = 17.0.31903.59
MinimumVisualStudioVersion = 10.0.40219.1
Project("{2150E333-8FDC-42A3-9474-1A3956D46DE8}") = "shared", "shared", "{4F52FD11-658E-A102-6CD3-7D7C16FFA15B}"
EndProject
Project("{FAE04EC0-301F-11D3-BF4B-00C04F79EFBC}") = "MyFoodDelivery.Shared", "services\MyFoodDelivery.Shared\MyFoodDelivery.Shared.csproj", "{37793750-5272-4B72-8B19-F0BCA65CB36E}"
EndProject
Project("{2150E333-8FDC-42A3-9474-1A3956D46DE8}") = "gateways", "gateways", "{C3A202AD-EADD-4864-49DF-ED20E2971546}"
EndProject
Project("{FAE04EC0-301F-11D3-BF4B-00C04F79EFBC}") = "MyFoodDelivery.PublicGateway", "gateways\MyFoodDelivery.PublicGateway\MyFoodDelivery.PublicGateway.csproj", "{7B8E0CDB-CA9E-41FB-B773-18852E2DC32C}"
EndProject
Project("{2150E333-8FDC-42A3-9474-1A3956D46DE8}") = "services", "services", "{5854FF58-B8C5-05C6-5BF2-ACE42193F22B}"
EndProject
Project("{2150E333-8FDC-42A3-9474-1A3956D46DE8}") = "MyFoodDelivery.OrderingSvc", "MyFoodDelivery.OrderingSvc", "{C8D75C2E-7885-7BA5-6C2A-3B54F0DECB23}"
EndProject
Project("{2150E333-8FDC-42A3-9474-1A3956D46DE8}") = "src", "src", "{B7D26AEF-DAFF-8B3A-32C4-19039D212993}"
EndProject
Project("{2150E333-8FDC-42A3-9474-1A3956D46DE8}") = "Infrastructure", "Infrastructure", "{8D811D2E-FF71-0CC9-870A-E3B5B6ADD38F}"
EndProject
Project("{FAE04EC0-301F-11D3-BF4B-00C04F79EFBC}") = "OrderingSvc.DbMigrator", "services\MyFoodDelivery.OrderingSvc\src\Infrastructure\OrderingSvc.DbMigrator\OrderingSvc.DbMigrator.csproj", "{9E0CA1E8-3F1C-43A2-B7C9-34E92D84EC94}"
EndProject
Project("{2150E333-8FDC-42A3-9474-1A3956D46DE8}") = "MyFoodDelivery.CustomerSvc", "MyFoodDelivery.CustomerSvc", "{393B287E-B272-F8C3-8159-F2051094C4E2}"
EndProject
Project("{2150E333-8FDC-42A3-9474-1A3956D46DE8}") = "src", "src", "{8CD61F95-9CCE-8840-A130-CBDE90509BB5}"
EndProject
Project("{2150E333-8FDC-42A3-9474-1A3956D46DE8}") = "Infrastructure", "Infrastructure", "{432A1CF2-A18C-EFBB-DB8C-AE644B5F53E6}"
EndProject
Project("{FAE04EC0-301F-11D3-BF4B-00C04F79EFBC}") = "CustomerSvc.DbMigrator", "services\MyFoodDelivery.CustomerSvc\src\Infrastructure\CustomerSvc.DbMigrator\CustomerSvc.DbMigrator.csproj", "{F548C542-1B0E-4B54-B312-F0EC96178F30}"
EndProject
Project("{2150E333-8FDC-42A3-9474-1A3956D46DE8}") = "Application", "Application", "{0B40FF96-37DE-B1F0-002A-751154647A62}"
EndProject
Project("{FAE04EC0-301F-11D3-BF4B-00C04F79EFBC}") = "CustomerSvc.Application", "services\MyFoodDelivery.CustomerSvc\src\Application\CustomerSvc.Application\CustomerSvc.Application.csproj", "{86C225B8-389D-4344-AE9E-C3279DB3CCDA}"
EndProject
Project("{2150E333-8FDC-42A3-9474-1A3956D46DE8}") = "Domain", "Domain", "{46896A3C-3CFF-0547-47F8-E80D36D0E350}"
EndProject
Project("{FAE04EC0-301F-11D3-BF4B-00C04F79EFBC}") = "CustomerSvc.Domain", "services\MyFoodDelivery.CustomerSvc\src\Domain\CustomerSvc.Domain\CustomerSvc.Domain.csproj", "{A264D751-7647-496A-96C2-322C57E6FB21}"
EndProject
Project("{FAE04EC0-301F-11D3-BF4B-00C04F79EFBC}") = "CustomerSvc.BackgroundJobs", "services\MyFoodDelivery.CustomerSvc\src\Infrastructure\CustomerSvc.BackgroundJobs\CustomerSvc.BackgroundJobs.csproj", "{C126AD7B-9D44-4381-B695-52A73DF4C79C}"
EndProject
Project("{FAE04EC0-301F-11D3-BF4B-00C04F79EFBC}") = "CustomerSvc.Infrastructure", "services\MyFoodDelivery.CustomerSvc\src\Infrastructure\CustomerSvc.Infrastructure\CustomerSvc.Infrastructure.csproj", "{3140C552-06C4-4C68-9F9A-2BCB0ED0E6DA}"
EndProject
Project("{2150E333-8FDC-42A3-9474-1A3956D46DE8}") = "Presentation", "Presentation", "{C8004EA4-AF7C-B319-B0F5-49788E13279C}"
EndProject
Project("{FAE04EC0-301F-11D3-BF4B-00C04F79EFBC}") = "CustomerSvc.HttpApi", "services\MyFoodDelivery.CustomerSvc\src\Presentation\CustomerSvc.HttpApi\CustomerSvc.HttpApi.csproj", "{4A665229-4E10-47EA-9B1F-9E84A1A5BFE7}"
EndProject
Project("{FAE04EC0-301F-11D3-BF4B-00C04F79EFBC}") = "CustomerSvc.HttpApi.Host", "services\MyFoodDelivery.CustomerSvc\src\Presentation\CustomerSvc.HttpApi.Host\CustomerSvc.HttpApi.Host.csproj", "{29D26C94-DBBD-467F-8109-E4DEAE55B6D1}"
EndProject
Project("{2150E333-8FDC-42A3-9474-1A3956D46DE8}") = "Application", "Application", "{4DB19F03-33AC-D44A-562B-BAC391512EB7}"
EndProject
Project("{FAE04EC0-301F-11D3-BF4B-00C04F79EFBC}") = "OrderingSvc.Application", "services\MyFoodDelivery.OrderingSvc\src\Application\OrderingSvc.Application\OrderingSvc.Application.csproj", "{E43966DF-2815-4B04-A974-9F092AD08C66}"
EndProject
Project("{FAE04EC0-301F-11D3-BF4B-00C04F79EFBC}") = "OrderingSvc.Application.Contracts", "services\MyFoodDelivery.OrderingSvc\src\Application\OrderingSvc.Application.Contracts\OrderingSvc.Application.Contracts.csproj", "{88EDE6FB-4C4B-4E40-B13A-430C481517A2}"
EndProject
Project("{2150E333-8FDC-42A3-9474-1A3956D46DE8}") = "Domain", "Domain", "{293F2DC2-C11D-D764-3001-BCDEF2FA8FE1}"
EndProject
Project("{FAE04EC0-301F-11D3-BF4B-00C04F79EFBC}") = "OrderingSvc.Domain", "services\MyFoodDelivery.OrderingSvc\src\Domain\OrderingSvc.Domain\OrderingSvc.Domain.csproj", "{5E7C440F-D17E-4194-9F9B-7B7088E6E7C0}"
EndProject
Project("{FAE04EC0-301F-11D3-BF4B-00C04F79EFBC}") = "OrderingSvc.Infrastructure", "services\MyFoodDelivery.OrderingSvc\src\Infrastructure\OrderingSvc.Infrastructure\OrderingSvc.Infrastructure.csproj", "{9DB633D5-F5C2-4A40-BF3F-43478973FDC9}"
EndProject
Project("{2150E333-8FDC-42A3-9474-1A3956D46DE8}") = "Presentation", "Presentation", "{A02741C9-5A12-BA3E-2B7D-73D10C58B1AA}"
EndProject
Project("{FAE04EC0-301F-11D3-BF4B-00C04F79EFBC}") = "OrderingSvc.HttpApi", "services\MyFoodDelivery.OrderingSvc\src\Presentation\OrderingSvc.HttpApi\OrderingSvc.HttpApi.csproj", "{97644B43-E7FB-4A01-8C60-F618930210BF}"
EndProject
Project("{FAE04EC0-301F-11D3-BF4B-00C04F79EFBC}") = "OrderingSvc.HttpApi.Host", "services\MyFoodDelivery.OrderingSvc\src\Presentation\OrderingSvc.HttpApi.Host\OrderingSvc.HttpApi.Host.csproj", "{F4F56CFB-7D58-4268-B8BC-7F0229CDCDAA}"
EndProject
Project("{2150E333-8FDC-42A3-9474-1A3956D46DE8}") = "MyFoodDelivery.RestaurantSvc", "MyFoodDelivery.RestaurantSvc", "{77149BE8-5AAD-C99A-7D99-2C3357839948}"
EndProject
Project("{2150E333-8FDC-42A3-9474-1A3956D46DE8}") = "src", "src", "{AB16FD52-F42A-E2B0-F00A-17D1EDBF83BA}"
EndProject
Project("{2150E333-8FDC-42A3-9474-1A3956D46DE8}") = "Application", "Application", "{EC3B9344-FE4C-D288-D08F-45E79DB53F74}"
EndProject
Project("{FAE04EC0-301F-11D3-BF4B-00C04F79EFBC}") = "RestaurantSvc.Application", "services\MyFoodDelivery.RestaurantSvc\src\Application\RestaurantSvc.Application\RestaurantSvc.Application.csproj", "{141384CC-3237-47A5-872B-EC0F44F16803}"
EndProject
Project("{FAE04EC0-301F-11D3-BF4B-00C04F79EFBC}") = "RestaurantSvc.Application.Contracts", "services\MyFoodDelivery.RestaurantSvc\src\Application\RestaurantSvc.Application.Contracts\RestaurantSvc.Application.Contracts.csproj", "{03E3F128-AE7C-4253-AAED-32C29F0C3A3F}"
EndProject
Project("{2150E333-8FDC-42A3-9474-1A3956D46DE8}") = "Domain", "Domain", "{CCF72A8C-D4E9-F5E3-BEEA-368247672760}"
EndProject
Project("{FAE04EC0-301F-11D3-BF4B-00C04F79EFBC}") = "RestaurantSvc.Domain", "services\MyFoodDelivery.RestaurantSvc\src\Domain\RestaurantSvc.Domain\RestaurantSvc.Domain.csproj", "{B84E3AB5-71C0-420B-9787-DABA9AE8EC31}"
EndProject
Project("{2150E333-8FDC-42A3-9474-1A3956D46DE8}") = "Presentation", "Presentation", "{AF09D864-8AD9-4852-12A2-E6C8A6C67077}"
EndProject
Project("{FAE04EC0-301F-11D3-BF4B-00C04F79EFBC}") = "RestaurantSvc.HttpApi", "services\MyFoodDelivery.RestaurantSvc\src\Presentation\RestaurantSvc.HttpApi\RestaurantSvc.HttpApi.csproj", "{F68B70DF-896F-46E7-9855-3D83CFB1CDB5}"
EndProject
Project("{FAE04EC0-301F-11D3-BF4B-00C04F79EFBC}") = "RestaurantSvc.HttpApi.Host", "services\MyFoodDelivery.RestaurantSvc\src\Presentation\RestaurantSvc.HttpApi.Host\RestaurantSvc.HttpApi.Host.csproj", "{4858CF79-867E-4264-9366-3636CAA422C4}"
EndProject
Project("{2150E333-8FDC-42A3-9474-1A3956D46DE8}") = "MyFoodDelivery.DeliverySvc", "MyFoodDelivery.DeliverySvc", "{FA3D7BE7-8519-585F-D2A1-9C7AAD899DAA}"
EndProject
Project("{2150E333-8FDC-42A3-9474-1A3956D46DE8}") = "src", "src", "{90968264-FB96-1AA8-CFC6-F43A5242A36F}"
EndProject
Project("{2150E333-8FDC-42A3-9474-1A3956D46DE8}") = "Application", "Application", "{C102850E-E3F5-EA1A-5992-57B0F3924AC5}"
EndProject
Project("{FAE04EC0-301F-11D3-BF4B-00C04F79EFBC}") = "DeliverySvc.Application", "services\MyFoodDelivery.DeliverySvc\src\Application\DeliverySvc.Application\DeliverySvc.Application.csproj", "{2AE66767-B53D-4F4C-ABAA-2BB20801544E}"
EndProject
Project("{FAE04EC0-301F-11D3-BF4B-00C04F79EFBC}") = "DeliverySvc.Application.Contracts", "services\MyFoodDelivery.DeliverySvc\src\Application\DeliverySvc.Application.Contracts\DeliverySvc.Application.Contracts.csproj", "{4DA34452-1A85-4CA3-8868-F4AF5C2E9A7B}"
EndProject
Project("{2150E333-8FDC-42A3-9474-1A3956D46DE8}") = "Domain", "Domain", "{745304A9-FC9B-1B3F-825C-6910EE1C86F3}"
EndProject
Project("{FAE04EC0-301F-11D3-BF4B-00C04F79EFBC}") = "DeliverySvc.Domain", "services\MyFoodDelivery.DeliverySvc\src\Domain\DeliverySvc.Domain\DeliverySvc.Domain.csproj", "{EF46CC3B-801F-4026-A8E6-7637C457DB7F}"
EndProject
Project("{2150E333-8FDC-42A3-9474-1A3956D46DE8}") = "Infrastructure", "Infrastructure", "{C8C17B98-B014-2F6B-69E2-D51203996AB5}"
EndProject
Project("{FAE04EC0-301F-11D3-BF4B-00C04F79EFBC}") = "DeliverySvc.Infrastructure", "services\MyFoodDelivery.DeliverySvc\src\Infrastructure\DeliverySvc.Infrastructure\DeliverySvc.Infrastructure.csproj", "{7DAA2E2C-6EDA-4486-A856-F96ED1C90D96}"
EndProject
Project("{FAE04EC0-301F-11D3-BF4B-00C04F79EFBC}") = "DeliverySvc.DbMigrator", "services\MyFoodDelivery.DeliverySvc\src\Infrastructure\DeliverySvc.DbMigrator\DeliverySvc.DbMigrator.csproj", "{F695CEF3-2C34-41CA-B039-68D8B74FC13F}"
EndProject
Project("{2150E333-8FDC-42A3-9474-1A3956D46DE8}") = "Presentation", "Presentation", "{13857D0B-5D1E-3CEC-02FD-3A40604065F7}"
EndProject
Project("{FAE04EC0-301F-11D3-BF4B-00C04F79EFBC}") = "DeliverySvc.HttpApi", "services\MyFoodDelivery.DeliverySvc\src\Presentation\DeliverySvc.HttpApi\DeliverySvc.HttpApi.csproj", "{75CF17CF-7DF0-413B-B65D-563C86927C9B}"
EndProject
Project("{FAE04EC0-301F-11D3-BF4B-00C04F79EFBC}") = "DeliverySvc.HttpApi.Host", "services\MyFoodDelivery.DeliverySvc\src\Presentation\DeliverySvc.HttpApi.Host\DeliverySvc.HttpApi.Host.csproj", "{0451D7D6-D923-4199-ACB3-772A2E4A0529}"
EndProject
Project("{2150E333-8FDC-42A3-9474-1A3956D46DE8}") = "MyFoodDelivery.AuthSvc", "MyFoodDelivery.AuthSvc", "{AA000001-0000-0000-0000-000000000001}"
EndProject
Project("{2150E333-8FDC-42A3-9474-1A3956D46DE8}") = "src", "src", "{AA000001-0000-0000-0000-000000000002}"
EndProject
Project("{2150E333-8FDC-42A3-9474-1A3956D46DE8}") = "Domain", "Domain", "{AA000001-0000-0000-0000-000000000003}"
EndProject
Project("{2150E333-8FDC-42A3-9474-1A3956D46DE8}") = "Infrastructure", "Infrastructure", "{AA000001-0000-0000-0000-000000000004}"
EndProject
Project("{2150E333-8FDC-42A3-9474-1A3956D46DE8}") = "Presentation", "Presentation", "{AA000001-0000-0000-0000-000000000005}"
EndProject
Project("{FAE04EC0-301F-11D3-BF4B-00C04F79EFBC}") = "AuthSvc.Domain.Shared", "services\MyFoodDelivery.AuthSvc\src\Domain\AuthSvc.Domain.Shared\AuthSvc.Domain.Shared.csproj", "{BB000001-0000-0000-0000-000000000001}"
EndProject
Project("{FAE04EC0-301F-11D3-BF4B-00C04F79EFBC}") = "AuthSvc.Domain", "services\MyFoodDelivery.AuthSvc\src\Domain\AuthSvc.Domain\AuthSvc.Domain.csproj", "{BB000001-0000-0000-0000-000000000002}"
EndProject
Project("{FAE04EC0-301F-11D3-BF4B-00C04F79EFBC}") = "AuthSvc.Infrastructure", "services\MyFoodDelivery.AuthSvc\src\Infrastructure\AuthSvc.Infrastructure\AuthSvc.Infrastructure.csproj", "{BB000001-0000-0000-0000-000000000003}"
EndProject
Project("{FAE04EC0-301F-11D3-BF4B-00C04F79EFBC}") = "AuthSvc.DbMigrator", "services\MyFoodDelivery.AuthSvc\src\Infrastructure\AuthSvc.DbMigrator\AuthSvc.DbMigrator.csproj", "{BB000001-0000-0000-0000-000000000004}"
EndProject
Project("{FAE04EC0-301F-11D3-BF4B-00C04F79EFBC}") = "AuthSvc.HttpApi.Host", "services\MyFoodDelivery.AuthSvc\src\Presentation\AuthSvc.HttpApi.Host\AuthSvc.HttpApi.Host.csproj", "{BB000001-0000-0000-0000-000000000005}"
EndProject
Global
	GlobalSection(SolutionConfigurationPlatforms) = preSolution
		Debug|Any CPU = Debug|Any CPU
		Debug|x64 = Debug|x64
		Debug|x86 = Debug|x86
		Release|Any CPU = Release|Any CPU
		Release|x64 = Release|x64
		Release|x86 = Release|x86
	EndGlobalSection
	GlobalSection(ProjectConfigurationPlatforms) = postSolution
		{37793750-5272-4B72-8B19-F0BCA65CB36E}.Debug|Any CPU.ActiveCfg = Debug|Any CPU
		{37793750-5272-4B72-8B19-F0BCA65CB36E}.Debug|Any CPU.Build.0 = Debug|Any CPU
		{37793750-5272-4B72-8B19-F0BCA65CB36E}.Debug|x64.ActiveCfg = Debug|Any CPU
		{37793750-5272-4B72-8B19-F0BCA65CB36E}.Debug|x64.Build.0 = Debug|Any CPU
		{37793750-5272-4B72-8B19-F0BCA65CB36E}.Debug|x86.ActiveCfg = Debug|Any CPU
		{37793750-5272-4B72-8B19-F0BCA65CB36E}.Debug|x86.Build.0 = Debug|Any CPU
		{37793750-5272-4B72-8B19-F0BCA65CB36E}.Release|Any CPU.ActiveCfg = Release|Any CPU
		{37793750-5272-4B72-8B19-F0BCA65CB36E}.Release|Any CPU.Build.0 = Release|Any CPU
		{37793750-5272-4B72-8B19-F0BCA65CB36E}.Release|x64.ActiveCfg = Release|Any CPU
		{37793750-5272-4B72-8B19-F0BCA65CB36E}.Release|x64.Build.0 = Release|Any CPU
		{37793750-5272-4B72-8B19-F0BCA65CB36E}.Release|x86.ActiveCfg = Release|Any CPU
		{37793750-5272-4B72-8B19-F0BCA65CB36E}.Release|x86.Build.0 = Release|Any CPU
		{7B8E0CDB-CA9E-41FB-B773-18852E2DC32C}.Debug|Any CPU.ActiveCfg = Debug|Any CPU
		{7B8E0CDB-CA9E-41FB-B773-18852E2DC32C}.Debug|Any CPU.Build.0 = Debug|Any CPU
		{7B8E0CDB-CA9E-41FB-B773-18852E2DC32C}.Debug|x64.ActiveCfg = Debug|Any CPU
		{7B8E0CDB-CA9E-41FB-B773-18852E2DC32C}.Debug|x64.Build.0 = Debug|Any CPU
		{7B8E0CDB-CA9E-41FB-B773-18852E2DC32C}.Debug|x86.ActiveCfg = Debug|Any CPU
		{7B8E0CDB-CA9E-41FB-B773-18852E2DC32C}.Debug|x86.Build.0 = Debug|Any CPU
		{7B8E0CDB-CA9E-41FB-B773-18852E2DC32C}.Release|Any CPU.ActiveCfg = Release|Any CPU
		{7B8E0CDB-CA9E-41FB-B773-18852E2DC32C}.Release|Any CPU.Build.0 = Release|Any CPU
		{7B8E0CDB-CA9E-41FB-B773-18852E2DC32C}.Release|x64.ActiveCfg = Release|Any CPU
		{7B8E0CDB-CA9E-41FB-B773-18852E2DC32C}.Release|x64.Build.0 = Release|Any CPU
		{7B8E0CDB-CA9E-41FB-B773-18852E2DC32C}.Release|x86.ActiveCfg = Release|Any CPU
		{7B8E0CDB-CA9E-41FB-B773-18852E2DC32C}.Release|x86.Build.0 = Release|Any CPU
		{9E0CA1E8-3F1C-43A2-B7C9-34E92D84EC94}.Debug|Any CPU.ActiveCfg = Debug|Any CPU
		{9E0CA1E8-3F1C-43A2-B7C9-34E92D84EC94}.Debug|Any CPU.Build.0 = Debug|Any CPU
		{9E0CA1E8-3F1C-43A2-B7C9-34E92D84EC94}.Debug|x64.ActiveCfg = Debug|Any CPU
		{9E0CA1E8-3F1C-43A2-B7C9-34E92D84EC94}.Debug|x64.Build.0 = Debug|Any CPU
		{9E0CA1E8-3F1C-43A2-B7C9-34E92D84EC94}.Debug|x86.ActiveCfg = Debug|Any CPU
		{9E0CA1E8-3F1C-43A2-B7C9-34E92D84EC94}.Debug|x86.Build.0 = Debug|Any CPU
		{9E0CA1E8-3F1C-43A2-B7C9-34E92D84EC94}.Release|Any CPU.ActiveCfg = Release|Any CPU
		{9E0CA1E8-3F1C-43A2-B7C9-34E92D84EC94}.Release|Any CPU.Build.0 = Release|Any CPU
		{9E0CA1E8-3F1C-43A2-B7C9-34E92D84EC94}.Release|x64.ActiveCfg = Release|Any CPU
		{9E0CA1E8-3F1C-43A2-B7C9-34E92D84EC94}.Release|x64.Build.0 = Release|Any CPU
		{9E0CA1E8-3F1C-43A2-B7C9-34E92D84EC94}.Release|x86.ActiveCfg = Release|Any CPU
		{9E0CA1E8-3F1C-43A2-B7C9-34E92D84EC94}.Release|x86.Build.0 = Release|Any CPU
		{F548C542-1B0E-4B54-B312-F0EC96178F30}.Debug|Any CPU.ActiveCfg = Debug|Any CPU
		{F548C542-1B0E-4B54-B312-F0EC96178F30}.Debug|Any CPU.Build.0 = Debug|Any CPU
		{F548C542-1B0E-4B54-B312-F0EC96178F30}.Debug|x64.ActiveCfg = Debug|Any CPU
		{F548C542-1B0E-4B54-B312-F0EC96178F30}.Debug|x64.Build.0 = Debug|Any CPU
		{F548C542-1B0E-4B54-B312-F0EC96178F30}.Debug|x86.ActiveCfg = Debug|Any CPU
		{F548C542-1B0E-4B54-B312-F0EC96178F30}.Debug|x86.Build.0 = Debug|Any CPU
		{F548C542-1B0E-4B54-B312-F0EC96178F30}.Release|Any CPU.ActiveCfg = Release|Any CPU
		{F548C542-1B0E-4B54-B312-F0EC96178F30}.Release|Any CPU.Build.0 = Release|Any CPU
		{F548C542-1B0E-4B54-B312-F0EC96178F30}.Release|x64.ActiveCfg = Release|Any CPU
		{F548C542-1B0E-4B54-B312-F0EC96178F30}.Release|x64.Build.0 = Release|Any CPU
		{F548C542-1B0E-4B54-B312-F0EC96178F30}.Release|x86.ActiveCfg = Release|Any CPU
		{F548C542-1B0E-4B54-B312-F0EC96178F30}.Release|x86.Build.0 = Release|Any CPU
		{86C225B8-389D-4344-AE9E-C3279DB3CCDA}.Debug|Any CPU.ActiveCfg = Debug|Any CPU
		{86C225B8-389D-4344-AE9E-C3279DB3CCDA}.Debug|Any CPU.Build.0 = Debug|Any CPU
		{86C225B8-389D-4344-AE9E-C3279DB3CCDA}.Debug|x64.ActiveCfg = Debug|Any CPU
		{86C225B8-389D-4344-AE9E-C3279DB3CCDA}.Debug|x64.Build.0 = Debug|Any CPU
		{86C225B8-389D-4344-AE9E-C3279DB3CCDA}.Debug|x86.ActiveCfg = Debug|Any CPU
		{86C225B8-389D-4344-AE9E-C3279DB3CCDA}.Debug|x86.Build.0 = Debug|Any CPU
		{86C225B8-389D-4344-AE9E-C3279DB3CCDA}.Release|Any CPU.ActiveCfg = Release|Any CPU
		{86C225B8-389D-4344-AE9E-C3279DB3CCDA}.Release|Any CPU.Build.0 = Release|Any CPU
		{86C225B8-389D-4344-AE9E-C3279DB3CCDA}.Release|x64.ActiveCfg = Release|Any CPU
		{86C225B8-389D-4344-AE9E-C3279DB3CCDA}.Release|x64.Build.0 = Release|Any CPU
		{86C225B8-389D-4344-AE9E-C3279DB3CCDA}.Release|x86.ActiveCfg = Release|Any CPU
		{86C225B8-389D-4344-AE9E-C3279DB3CCDA}.Release|x86.Build.0 = Release|Any CPU
		{A264D751-7647-496A-96C2-322C57E6FB21}.Debug|Any CPU.ActiveCfg = Debug|Any CPU
		{A264D751-7647-496A-96C2-322C57E6FB21}.Debug|Any CPU.Build.0 = Debug|Any CPU
		{A264D751-7647-496A-96C2-322C57E6FB21}.Debug|x64.ActiveCfg = Debug|Any CPU
		{A264D751-7647-496A-96C2-322C57E6FB21}.Debug|x64.Build.0 = Debug|Any CPU
		{A264D751-7647-496A-96C2-322C57E6FB21}.Debug|x86.ActiveCfg = Debug|Any CPU
		{A264D751-7647-496A-96C2-322C57E6FB21}.Debug|x86.Build.0 = Debug|Any CPU
		{A264D751-7647-496A-96C2-322C57E6FB21}.Release|Any CPU.ActiveCfg = Release|Any CPU
		{A264D751-7647-496A-96C2-322C57E6FB21}.Release|Any CPU.Build.0 = Release|Any CPU
		{A264D751-7647-496A-96C2-322C57E6FB21}.Release|x64.ActiveCfg = Release|Any CPU
		{A264D751-7647-496A-96C2-322C57E6FB21}.Release|x64.Build.0 = Release|Any CPU
		{A264D751-7647-496A-96C2-322C57E6FB21}.Release|x86.ActiveCfg = Release|Any CPU
		{A264D751-7647-496A-96C2-322C57E6FB21}.Release|x86.Build.0 = Release|Any CPU
		{C126AD7B-9D44-4381-B695-52A73DF4C79C}.Debug|Any CPU.ActiveCfg = Debug|Any CPU
		{C126AD7B-9D44-4381-B695-52A73DF4C79C}.Debug|Any CPU.Build.0 = Debug|Any CPU
		{C126AD7B-9D44-4381-B695-52A73DF4C79C}.Debug|x64.ActiveCfg = Debug|Any CPU
		{C126AD7B-9D44-4381-B695-52A73DF4C79C}.Debug|x64.Build.0 = Debug|Any CPU
		{C126AD7B-9D44-4381-B695-52A73DF4C79C}.Debug|x86.ActiveCfg = Debug|Any CPU
		{C126AD7B-9D44-4381-B695-52A73DF4C79C}.Debug|x86.Build.0 = Debug|Any CPU
		{C126AD7B-9D44-4381-B695-52A73DF4C79C}.Release|Any CPU.ActiveCfg = Release|Any CPU
		{C126AD7B-9D44-4381-B695-52A73DF4C79C}.Release|Any CPU.Build.0 = Release|Any CPU
		{C126AD7B-9D44-4381-B695-52A73DF4C79C}.Release|x64.ActiveCfg = Release|Any CPU
		{C126AD7B-9D44-4381-B695-52A73DF4C79C}.Release|x64.Build.0 = Release|Any CPU
		{C126AD7B-9D44-4381-B695-52A73DF4C79C}.Release|x86.ActiveCfg = Release|Any CPU
		{C126AD7B-9D44-4381-B695-52A73DF4C79C}.Release|x86.Build.0 = Release|Any CPU
		{3140C552-06C4-4C68-9F9A-2BCB0ED0E6DA}.Debug|Any CPU.ActiveCfg = Debug|Any CPU
		{3140C552-06C4-4C68-9F9A-2BCB0ED0E6DA}.Debug|Any CPU.Build.0 = Debug|Any CPU
		{3140C552-06C4-4C68-9F9A-2BCB0ED0E6DA}.Debug|x64.ActiveCfg = Debug|Any CPU
		{3140C552-06C4-4C68-9F9A-2BCB0ED0E6DA}.Debug|x64.Build.0 = Debug|Any CPU
		{3140C552-06C4-4C68-9F9A-2BCB0ED0E6DA}.Debug|x86.ActiveCfg = Debug|Any CPU
		{3140C552-06C4-4C68-9F9A-2BCB0ED0E6DA}.Debug|x86.Build.0 = Debug|Any CPU
		{3140C552-06C4-4C68-9F9A-2BCB0ED0E6DA}.Release|Any CPU.ActiveCfg = Release|Any CPU
		{3140C552-06C4-4C68-9F9A-2BCB0ED0E6DA}.Release|Any CPU.Build.0 = Release|Any CPU
		{3140C552-06C4-4C68-9F9A-2BCB0ED0E6DA}.Release|x64.ActiveCfg = Release|Any CPU
		{3140C552-06C4-4C68-9F9A-2BCB0ED0E6DA}.Release|x64.Build.0 = Release|Any CPU
		{3140C552-06C4-4C68-9F9A-2BCB0ED0E6DA}.Release|x86.ActiveCfg = Release|Any CPU
		{3140C552-06C4-4C68-9F9A-2BCB0ED0E6DA}.Release|x86.Build.0 = Release|Any CPU
		{4A665229-4E10-47EA-9B1F-9E84A1A5BFE7}.Debug|Any CPU.ActiveCfg = Debug|Any CPU
		{4A665229-4E10-47EA-9B1F-9E84A1A5BFE7}.Debug|Any CPU.Build.0 = Debug|Any CPU
		{4A665229-4E10-47EA-9B1F-9E84A1A5BFE7}.Debug|x64.ActiveCfg = Debug|Any CPU
		{4A665229-4E10-47EA-9B1F-9E84A1A5BFE7}.Debug|x64.Build.0 = Debug|Any CPU
		{4A665229-4E10-47EA-9B1F-9E84A1A5BFE7}.Debug|x86.ActiveCfg = Debug|Any CPU
		{4A665229-4E10-47EA-9B1F-9E84A1A5BFE7}.Debug|x86.Build.0 = Debug|Any CPU
		{4A665229-4E10-47EA-9B1F-9E84A1A5BFE7}.Release|Any CPU.ActiveCfg = Release|Any CPU
		{4A665229-4E10-47EA-9B1F-9E84A1A5BFE7}.Release|Any CPU.Build.0 = Release|Any CPU
		{4A665229-4E10-47EA-9B1F-9E84A1A5BFE7}.Release|x64.ActiveCfg = Release|Any CPU
		{4A665229-4E10-47EA-9B1F-9E84A1A5BFE7}.Release|x64.Build.0 = Release|Any CPU
		{4A665229-4E10-47EA-9B1F-9E84A1A5BFE7}.Release|x86.ActiveCfg = Release|Any CPU
		{4A665229-4E10-47EA-9B1F-9E84A1A5BFE7}.Release|x86.Build.0 = Release|Any CPU
		{29D26C94-DBBD-467F-8109-E4DEAE55B6D1}.Debug|Any CPU.ActiveCfg = Debug|Any CPU
		{29D26C94-DBBD-467F-8109-E4DEAE55B6D1}.Debug|Any CPU.Build.0 = Debug|Any CPU
		{29D26C94-DBBD-467F-8109-E4DEAE55B6D1}.Debug|x64.ActiveCfg = Debug|Any CPU
		{29D26C94-DBBD-467F-8109-E4DEAE55B6D1}.Debug|x64.Build.0 = Debug|Any CPU
		{29D26C94-DBBD-467F-8109-E4DEAE55B6D1}.Debug|x86.ActiveCfg = Debug|Any CPU
		{29D26C94-DBBD-467F-8109-E4DEAE55B6D1}.Debug|x86.Build.0 = Debug|Any CPU
		{29D26C94-DBBD-467F-8109-E4DEAE55B6D1}.Release|Any CPU.ActiveCfg = Release|Any CPU
		{29D26C94-DBBD-467F-8109-E4DEAE55B6D1}.Release|Any CPU.Build.0 = Release|Any CPU
		{29D26C94-DBBD-467F-8109-E4DEAE55B6D1}.Release|x64.ActiveCfg = Release|Any CPU
		{29D26C94-DBBD-467F-8109-E4DEAE55B6D1}.Release|x64.Build.0 = Release|Any CPU
		{29D26C94-DBBD-467F-8109-E4DEAE55B6D1}.Release|x86.ActiveCfg = Release|Any CPU
		{29D26C94-DBBD-467F-8109-E4DEAE55B6D1}.Release|x86.Build.0 = Release|Any CPU
		{E43966DF-2815-4B04-A974-9F092AD08C66}.Debug|Any CPU.ActiveCfg = Debug|Any CPU
		{E43966DF-2815-4B04-A974-9F092AD08C66}.Debug|Any CPU.Build.0 = Debug|Any CPU
		{E43966DF-2815-4B04-A974-9F092AD08C66}.Debug|x64.ActiveCfg = Debug|Any CPU
		{E43966DF-2815-4B04-A974-9F092AD08C66}.Debug|x64.Build.0 = Debug|Any CPU
		{E43966DF-2815-4B04-A974-9F092AD08C66}.Debug|x86.ActiveCfg = Debug|Any CPU
		{E43966DF-2815-4B04-A974-9F092AD08C66}.Debug|x86.Build.0 = Debug|Any CPU
		{E43966DF-2815-4B04-A974-9F092AD08C66}.Release|Any CPU.ActiveCfg = Release|Any CPU
		{E43966DF-2815-4B04-A974-9F092AD08C66}.Release|Any CPU.Build.0 = Release|Any CPU
		{E43966DF-2815-4B04-A974-9F092AD08C66}.Release|x64.ActiveCfg = Release|Any CPU
		{E43966DF-2815-4B04-A974-9F092AD08C66}.Release|x64.Build.0 = Release|Any CPU
		{E43966DF-2815-4B04-A974-9F092AD08C66}.Release|x86.ActiveCfg = Release|Any CPU
		{E43966DF-2815-4B04-A974-9F092AD08C66}.Release|x86.Build.0 = Release|Any CPU
		{88EDE6FB-4C4B-4E40-B13A-430C481517A2}.Debug|Any CPU.ActiveCfg = Debug|Any CPU
		{88EDE6FB-4C4B-4E40-B13A-430C481517A2}.Debug|Any CPU.Build.0 = Debug|Any CPU
		{88EDE6FB-4C4B-4E40-B13A-430C481517A2}.Debug|x64.ActiveCfg = Debug|Any CPU
		{88EDE6FB-4C4B-4E40-B13A-430C481517A2}.Debug|x64.Build.0 = Debug|Any CPU
		{88EDE6FB-4C4B-4E40-B13A-430C481517A2}.Debug|x86.ActiveCfg = Debug|Any CPU
		{88EDE6FB-4C4B-4E40-B13A-430C481517A2}.Debug|x86.Build.0 = Debug|Any CPU
		{88EDE6FB-4C4B-4E40-B13A-430C481517A2}.Release|Any CPU.ActiveCfg = Release|Any CPU
		{88EDE6FB-4C4B-4E40-B13A-430C481517A2}.Release|Any CPU.Build.0 = Release|Any CPU
		{88EDE6FB-4C4B-4E40-B13A-430C481517A2}.Release|x64.ActiveCfg = Release|Any CPU
		{88EDE6FB-4C4B-4E40-B13A-430C481517A2}.Release|x64.Build.0 = Release|Any CPU
		{88EDE6FB-4C4B-4E40-B13A-430C481517A2}.Release|x86.ActiveCfg = Release|Any CPU
		{88EDE6FB-4C4B-4E40-B13A-430C481517A2}.Release|x86.Build.0 = Release|Any CPU
		{5E7C440F-D17E-4194-9F9B-7B7088E6E7C0}.Debug|Any CPU.ActiveCfg = Debug|Any CPU
		{5E7C440F-D17E-4194-9F9B-7B7088E6E7C0}.Debug|Any CPU.Build.0 = Debug|Any CPU
		{5E7C440F-D17E-4194-9F9B-7B7088E6E7C0}.Debug|x64.ActiveCfg = Debug|Any CPU
		{5E7C440F-D17E-4194-9F9B-7B7088E6E7C0}.Debug|x64.Build.0 = Debug|Any CPU
		{5E7C440F-D17E-4194-9F9B-7B7088E6E7C0}.Debug|x86.ActiveCfg = Debug|Any CPU
		{5E7C440F-D17E-4194-9F9B-7B7088E6E7C0}.Debug|x86.Build.0 = Debug|Any CPU
		{5E7C440F-D17E-4194-9F9B-7B7088E6E7C0}.Release|Any CPU.ActiveCfg = Release|Any CPU
		{5E7C440F-D17E-4194-9F9B-7B7088E6E7C0}.Release|Any CPU.Build.0 = Release|Any CPU
		{5E7C440F-D17E-4194-9F9B-7B7088E6E7C0}.Release|x64.ActiveCfg = Release|Any CPU
		{5E7C440F-D17E-4194-9F9B-7B7088E6E7C0}.Release|x64.Build.0 = Release|Any CPU
		{5E7C440F-D17E-4194-9F9B-7B7088E6E7C0}.Release|x86.ActiveCfg = Release|Any CPU
		{5E7C440F-D17E-4194-9F9B-7B7088E6E7C0}.Release|x86.Build.0 = Release|Any CPU
		{9DB633D5-F5C2-4A40-BF3F-43478973FDC9}.Debug|Any CPU.ActiveCfg = Debug|Any CPU
		{9DB633D5-F5C2-4A40-BF3F-43478973FDC9}.Debug|Any CPU.Build.0 = Debug|Any CPU
		{9DB633D5-F5C2-4A40-BF3F-43478973FDC9}.Debug|x64.ActiveCfg = Debug|Any CPU
		{9DB633D5-F5C2-4A40-BF3F-43478973FDC9}.Debug|x64.Build.0 = Debug|Any CPU
		{9DB633D5-F5C2-4A40-BF3F-43478973FDC9}.Debug|x86.ActiveCfg = Debug|Any CPU
		{9DB633D5-F5C2-4A40-BF3F-43478973FDC9}.Debug|x86.Build.0 = Debug|Any CPU
		{9DB633D5-F5C2-4A40-BF3F-43478973FDC9}.Release|Any CPU.ActiveCfg = Release|Any CPU
		{9DB633D5-F5C2-4A40-BF3F-43478973FDC9}.Release|Any CPU.Build.0 = Release|Any CPU
		{9DB633D5-F5C2-4A40-BF3F-43478973FDC9}.Release|x64.ActiveCfg = Release|Any CPU
		{9DB633D5-F5C2-4A40-BF3F-43478973FDC9}.Release|x64.Build.0 = Release|Any CPU
		{9DB633D5-F5C2-4A40-BF3F-43478973FDC9}.Release|x86.ActiveCfg = Release|Any CPU
		{9DB633D5-F5C2-4A40-BF3F-43478973FDC9}.Release|x86.Build.0 = Release|Any CPU
		{97644B43-E7FB-4A01-8C60-F618930210BF}.Debug|Any CPU.ActiveCfg = Debug|Any CPU
		{97644B43-E7FB-4A01-8C60-F618930210BF}.Debug|Any CPU.Build.0 = Debug|Any CPU
		{97644B43-E7FB-4A01-8C60-F618930210BF}.Debug|x64.ActiveCfg = Debug|Any CPU
		{97644B43-E7FB-4A01-8C60-F618930210BF}.Debug|x64.Build.0 = Debug|Any CPU
		{97644B43-E7FB-4A01-8C60-F618930210BF}.Debug|x86.ActiveCfg = Debug|Any CPU
		{97644B43-E7FB-4A01-8C60-F618930210BF}.Debug|x86.Build.0 = Debug|Any CPU
		{97644B43-E7FB-4A01-8C60-F618930210BF}.Release|Any CPU.ActiveCfg = Release|Any CPU
		{97644B43-E7FB-4A01-8C60-F618930210BF}.Release|Any CPU.Build.0 = Release|Any CPU
		{97644B43-E7FB-4A01-8C60-F618930210BF}.Release|x64.ActiveCfg = Release|Any CPU
		{97644B43-E7FB-4A01-8C60-F618930210BF}.Release|x64.Build.0 = Release|Any CPU
		{97644B43-E7FB-4A01-8C60-F618930210BF}.Release|x86.ActiveCfg = Release|Any CPU
		{97644B43-E7FB-4A01-8C60-F618930210BF}.Release|x86.Build.0 = Release|Any CPU
		{F4F56CFB-7D58-4268-B8BC-7F0229CDCDAA}.Debug|Any CPU.ActiveCfg = Debug|Any CPU
		{F4F56CFB-7D58-4268-B8BC-7F0229CDCDAA}.Debug|Any CPU.Build.0 = Debug|Any CPU
		{F4F56CFB-7D58-4268-B8BC-7F0229CDCDAA}.Debug|x64.ActiveCfg = Debug|Any CPU
		{F4F56CFB-7D58-4268-B8BC-7F0229CDCDAA}.Debug|x64.Build.0 = Debug|Any CPU
		{F4F56CFB-7D58-4268-B8BC-7F0229CDCDAA}.Debug|x86.ActiveCfg = Debug|Any CPU
		{F4F56CFB-7D58-4268-B8BC-7F0229CDCDAA}.Debug|x86.Build.0 = Debug|Any CPU
		{F4F56CFB-7D58-4268-B8BC-7F0229CDCDAA}.Release|Any CPU.ActiveCfg = Release|Any CPU
		{F4F56CFB-7D58-4268-B8BC-7F0229CDCDAA}.Release|Any CPU.Build.0 = Release|Any CPU
		{F4F56CFB-7D58-4268-B8BC-7F0229CDCDAA}.Release|x64.ActiveCfg = Release|Any CPU
		{F4F56CFB-7D58-4268-B8BC-7F0229CDCDAA}.Release|x64.Build.0 = Release|Any CPU
		{F4F56CFB-7D58-4268-B8BC-7F0229CDCDAA}.Release|x86.ActiveCfg = Release|Any CPU
		{F4F56CFB-7D58-4268-B8BC-7F0229CDCDAA}.Release|x86.Build.0 = Release|Any CPU
		{141384CC-3237-47A5-872B-EC0F44F16803}.Debug|Any CPU.ActiveCfg = Debug|Any CPU
		{141384CC-3237-47A5-872B-EC0F44F16803}.Debug|Any CPU.Build.0 = Debug|Any CPU
		{141384CC-3237-47A5-872B-EC0F44F16803}.Debug|x64.ActiveCfg = Debug|Any CPU
		{141384CC-3237-47A5-872B-EC0F44F16803}.Debug|x64.Build.0 = Debug|Any CPU
		{141384CC-3237-47A5-872B-EC0F44F16803}.Debug|x86.ActiveCfg = Debug|Any CPU
		{141384CC-3237-47A5-872B-EC0F44F16803}.Debug|x86.Build.0 = Debug|Any CPU
		{141384CC-3237-47A5-872B-EC0F44F16803}.Release|Any CPU.ActiveCfg = Release|Any CPU
		{141384CC-3237-47A5-872B-EC0F44F16803}.Release|Any CPU.Build.0 = Release|Any CPU
		{141384CC-3237-47A5-872B-EC0F44F16803}.Release|x64.ActiveCfg = Release|Any CPU
		{141384CC-3237-47A5-872B-EC0F44F16803}.Release|x64.Build.0 = Release|Any CPU
		{141384CC-3237-47A5-872B-EC0F44F16803}.Release|x86.ActiveCfg = Release|Any CPU
		{141384CC-3237-47A5-872B-EC0F44F16803}.Release|x86.Build.0 = Release|Any CPU
		{03E3F128-AE7C-4253-AAED-32C29F0C3A3F}.Debug|Any CPU.ActiveCfg = Debug|Any CPU
		{03E3F128-AE7C-4253-AAED-32C29F0C3A3F}.Debug|Any CPU.Build.0 = Debug|Any CPU
		{03E3F128-AE7C-4253-AAED-32C29F0C3A3F}.Debug|x64.ActiveCfg = Debug|Any CPU
		{03E3F128-AE7C-4253-AAED-32C29F0C3A3F}.Debug|x64.Build.0 = Debug|Any CPU
		{03E3F128-AE7C-4253-AAED-32C29F0C3A3F}.Debug|x86.ActiveCfg = Debug|Any CPU
		{03E3F128-AE7C-4253-AAED-32C29F0C3A3F}.Debug|x86.Build.0 = Debug|Any CPU
		{03E3F128-AE7C-4253-AAED-32C29F0C3A3F}.Release|Any CPU.ActiveCfg = Release|Any CPU
		{03E3F128-AE7C-4253-AAED-32C29F0C3A3F}.Release|Any CPU.Build.0 = Release|Any CPU
		{03E3F128-AE7C-4253-AAED-32C29F0C3A3F}.Release|x64.ActiveCfg = Release|Any CPU
		{03E3F128-AE7C-4253-AAED-32C29F0C3A3F}.Release|x64.Build.0 = Release|Any CPU
		{03E3F128-AE7C-4253-AAED-32C29F0C3A3F}.Release|x86.ActiveCfg = Release|Any CPU
		{03E3F128-AE7C-4253-AAED-32C29F0C3A3F}.Release|x86.Build.0 = Release|Any CPU
		{B84E3AB5-71C0-420B-9787-DABA9AE8EC31}.Debug|Any CPU.ActiveCfg = Debug|Any CPU
		{B84E3AB5-71C0-420B-9787-DABA9AE8EC31}.Debug|Any CPU.Build.0 = Debug|Any CPU
		{B84E3AB5-71C0-420B-9787-DABA9AE8EC31}.Debug|x64.ActiveCfg = Debug|Any CPU
		{B84E3AB5-71C0-420B-9787-DABA9AE8EC31}.Debug|x64.Build.0 = Debug|Any CPU
		{B84E3AB5-71C0-420B-9787-DABA9AE8EC31}.Debug|x86.ActiveCfg = Debug|Any CPU
		{B84E3AB5-71C0-420B-9787-DABA9AE8EC31}.Debug|x86.Build.0 = Debug|Any CPU
		{B84E3AB5-71C0-420B-9787-DABA9AE8EC31}.Release|Any CPU.ActiveCfg = Release|Any CPU
		{B84E3AB5-71C0-420B-9787-DABA9AE8EC31}.Release|Any CPU.Build.0 = Release|Any CPU
		{B84E3AB5-71C0-420B-9787-DABA9AE8EC31}.Release|x64.ActiveCfg = Release|Any CPU
		{B84E3AB5-71C0-420B-9787-DABA9AE8EC31}.Release|x64.Build.0 = Release|Any CPU
		{B84E3AB5-71C0-420B-9787-DABA9AE8EC31}.Release|x86.ActiveCfg = Release|Any CPU
		{B84E3AB5-71C0-420B-9787-DABA9AE8EC31}.Release|x86.Build.0 = Release|Any CPU
		{F68B70DF-896F-46E7-9855-3D83CFB1CDB5}.Debug|Any CPU.ActiveCfg = Debug|Any CPU
		{F68B70DF-896F-46E7-9855-3D83CFB1CDB5}.Debug|Any CPU.Build.0 = Debug|Any CPU
		{F68B70DF-896F-46E7-9855-3D83CFB1CDB5}.Debug|x64.ActiveCfg = Debug|Any CPU
		{F68B70DF-896F-46E7-9855-3D83CFB1CDB5}.Debug|x64.Build.0 = Debug|Any CPU
		{F68B70DF-896F-46E7-9855-3D83CFB1CDB5}.Debug|x86.ActiveCfg = Debug|Any CPU
		{F68B70DF-896F-46E7-9855-3D83CFB1CDB5}.Debug|x86.Build.0 = Debug|Any CPU
		{F68B70DF-896F-46E7-9855-3D83CFB1CDB5}.Release|Any CPU.ActiveCfg = Release|Any CPU
		{F68B70DF-896F-46E7-9855-3D83CFB1CDB5}.Release|Any CPU.Build.0 = Release|Any CPU
		{F68B70DF-896F-46E7-9855-3D83CFB1CDB5}.Release|x64.ActiveCfg = Release|Any CPU
		{F68B70DF-896F-46E7-9855-3D83CFB1CDB5}.Release|x64.Build.0 = Release|Any CPU
		{F68B70DF-896F-46E7-9855-3D83CFB1CDB5}.Release|x86.ActiveCfg = Release|Any CPU
		{F68B70DF-896F-46E7-9855-3D83CFB1CDB5}.Release|x86.Build.0 = Release|Any CPU
		{4858CF79-867E-4264-9366-3636CAA422C4}.Debug|Any CPU.ActiveCfg = Debug|Any CPU
		{4858CF79-867E-4264-9366-3636CAA422C4}.Debug|Any CPU.Build.0 = Debug|Any CPU
		{4858CF79-867E-4264-9366-3636CAA422C4}.Debug|x64.ActiveCfg = Debug|Any CPU
		{4858CF79-867E-4264-9366-3636CAA422C4}.Debug|x64.Build.0 = Debug|Any CPU
		{4858CF79-867E-4264-9366-3636CAA422C4}.Debug|x86.ActiveCfg = Debug|Any CPU
		{4858CF79-867E-4264-9366-3636CAA422C4}.Debug|x86.Build.0 = Debug|Any CPU
		{4858CF79-867E-4264-9366-3636CAA422C4}.Release|Any CPU.ActiveCfg = Release|Any CPU
		{4858CF79-867E-4264-9366-3636CAA422C4}.Release|Any CPU.Build.0 = Release|Any CPU
		{4858CF79-867E-4264-9366-3636CAA422C4}.Release|x64.ActiveCfg = Release|Any CPU
		{4858CF79-867E-4264-9366-3636CAA422C4}.Release|x64.Build.0 = Release|Any CPU
		{4858CF79-867E-4264-9366-3636CAA422C4}.Release|x86.ActiveCfg = Release|Any CPU
		{4858CF79-867E-4264-9366-3636CAA422C4}.Release|x86.Build.0 = Release|Any CPU
		{2AE66767-B53D-4F4C-ABAA-2BB20801544E}.Debug|Any CPU.ActiveCfg = Debug|Any CPU
		{2AE66767-B53D-4F4C-ABAA-2BB20801544E}.Debug|Any CPU.Build.0 = Debug|Any CPU
		{2AE66767-B53D-4F4C-ABAA-2BB20801544E}.Debug|x64.ActiveCfg = Debug|Any CPU
		{2AE66767-B53D-4F4C-ABAA-2BB20801544E}.Debug|x64.Build.0 = Debug|Any CPU
		{2AE66767-B53D-4F4C-ABAA-2BB20801544E}.Debug|x86.ActiveCfg = Debug|Any CPU
		{2AE66767-B53D-4F4C-ABAA-2BB20801544E}.Debug|x86.Build.0 = Debug|Any CPU
		{2AE66767-B53D-4F4C-ABAA-2BB20801544E}.Release|Any CPU.ActiveCfg = Release|Any CPU
		{2AE66767-B53D-4F4C-ABAA-2BB20801544E}.Release|Any CPU.Build.0 = Release|Any CPU
		{2AE66767-B53D-4F4C-ABAA-2BB20801544E}.Release|x64.ActiveCfg = Release|Any CPU
		{2AE66767-B53D-4F4C-ABAA-2BB20801544E}.Release|x64.Build.0 = Release|Any CPU
		{2AE66767-B53D-4F4C-ABAA-2BB20801544E}.Release|x86.ActiveCfg = Release|Any CPU
		{2AE66767-B53D-4F4C-ABAA-2BB20801544E}.Release|x86.Build.0 = Release|Any CPU
		{4DA34452-1A85-4CA3-8868-F4AF5C2E9A7B}.Debug|Any CPU.ActiveCfg = Debug|Any CPU
		{4DA34452-1A85-4CA3-8868-F4AF5C2E9A7B}.Debug|Any CPU.Build.0 = Debug|Any CPU
		{4DA34452-1A85-4CA3-8868-F4AF5C2E9A7B}.Debug|x64.ActiveCfg = Debug|Any CPU
		{4DA34452-1A85-4CA3-8868-F4AF5C2E9A7B}.Debug|x64.Build.0 = Debug|Any CPU
		{4DA34452-1A85-4CA3-8868-F4AF5C2E9A7B}.Debug|x86.ActiveCfg = Debug|Any CPU
		{4DA34452-1A85-4CA3-8868-F4AF5C2E9A7B}.Debug|x86.Build.0 = Debug|Any CPU
		{4DA34452-1A85-4CA3-8868-F4AF5C2E9A7B}.Release|Any CPU.ActiveCfg = Release|Any CPU
		{4DA34452-1A85-4CA3-8868-F4AF5C2E9A7B}.Release|Any CPU.Build.0 = Release|Any CPU
		{4DA34452-1A85-4CA3-8868-F4AF5C2E9A7B}.Release|x64.ActiveCfg = Release|Any CPU
		{4DA34452-1A85-4CA3-8868-F4AF5C2E9A7B}.Release|x64.Build.0 = Release|Any CPU
		{4DA34452-1A85-4CA3-8868-F4AF5C2E9A7B}.Release|x86.ActiveCfg = Release|Any CPU
		{4DA34452-1A85-4CA3-8868-F4AF5C2E9A7B}.Release|x86.Build.0 = Release|Any CPU
		{EF46CC3B-801F-4026-A8E6-7637C457DB7F}.Debug|Any CPU.ActiveCfg = Debug|Any CPU
		{EF46CC3B-801F-4026-A8E6-7637C457DB7F}.Debug|Any CPU.Build.0 = Debug|Any CPU
		{EF46CC3B-801F-4026-A8E6-7637C457DB7F}.Debug|x64.ActiveCfg = Debug|Any CPU
		{EF46CC3B-801F-4026-A8E6-7637C457DB7F}.Debug|x64.Build.0 = Debug|Any CPU
		{EF46CC3B-801F-4026-A8E6-7637C457DB7F}.Debug|x86.ActiveCfg = Debug|Any CPU
		{EF46CC3B-801F-4026-A8E6-7637C457DB7F}.Debug|x86.Build.0 = Debug|Any CPU
		{EF46CC3B-801F-4026-A8E6-7637C457DB7F}.Release|Any CPU.ActiveCfg = Release|Any CPU
		{EF46CC3B-801F-4026-A8E6-7637C457DB7F}.Release|Any CPU.Build.0 = Release|Any CPU
		{EF46CC3B-801F-4026-A8E6-7637C457DB7F}.Release|x64.ActiveCfg = Release|Any CPU
		{EF46CC3B-801F-4026-A8E6-7637C457DB7F}.Release|x64.Build.0 = Release|Any CPU
		{EF46CC3B-801F-4026-A8E6-7637C457DB7F}.Release|x86.ActiveCfg = Release|Any CPU
		{EF46CC3B-801F-4026-A8E6-7637C457DB7F}.Release|x86.Build.0 = Release|Any CPU
		{7DAA2E2C-6EDA-4486-A856-F96ED1C90D96}.Debug|Any CPU.ActiveCfg = Debug|Any CPU
		{7DAA2E2C-6EDA-4486-A856-F96ED1C90D96}.Debug|Any CPU.Build.0 = Debug|Any CPU
		{7DAA2E2C-6EDA-4486-A856-F96ED1C90D96}.Debug|x64.ActiveCfg = Debug|Any CPU
		{7DAA2E2C-6EDA-4486-A856-F96ED1C90D96}.Debug|x64.Build.0 = Debug|Any CPU
		{7DAA2E2C-6EDA-4486-A856-F96ED1C90D96}.Debug|x86.ActiveCfg = Debug|Any CPU
		{7DAA2E2C-6EDA-4486-A856-F96ED1C90D96}.Debug|x86.Build.0 = Debug|Any CPU
		{7DAA2E2C-6EDA-4486-A856-F96ED1C90D96}.Release|Any CPU.ActiveCfg = Release|Any CPU
		{7DAA2E2C-6EDA-4486-A856-F96ED1C90D96}.Release|Any CPU.Build.0 = Release|Any CPU
		{7DAA2E2C-6EDA-4486-A856-F96ED1C90D96}.Release|x64.ActiveCfg = Release|Any CPU
		{7DAA2E2C-6EDA-4486-A856-F96ED1C90D96}.Release|x64.Build.0 = Release|Any CPU
		{7DAA2E2C-6EDA-4486-A856-F96ED1C90D96}.Release|x86.ActiveCfg = Release|Any CPU
		{7DAA2E2C-6EDA-4486-A856-F96ED1C90D96}.Release|x86.Build.0 = Release|Any CPU
		{F695CEF3-2C34-41CA-B039-68D8B74FC13F}.Debug|Any CPU.ActiveCfg = Debug|Any CPU
		{F695CEF3-2C34-41CA-B039-68D8B74FC13F}.Debug|Any CPU.Build.0 = Debug|Any CPU
		{F695CEF3-2C34-41CA-B039-68D8B74FC13F}.Debug|x64.ActiveCfg = Debug|Any CPU
		{F695CEF3-2C34-41CA-B039-68D8B74FC13F}.Debug|x64.Build.0 = Debug|Any CPU
		{F695CEF3-2C34-41CA-B039-68D8B74FC13F}.Debug|x86.ActiveCfg = Debug|Any CPU
		{F695CEF3-2C34-41CA-B039-68D8B74FC13F}.Debug|x86.Build.0 = Debug|Any CPU
		{F695CEF3-2C34-41CA-B039-68D8B74FC13F}.Release|Any CPU.ActiveCfg = Release|Any CPU
		{F695CEF3-2C34-41CA-B039-68D8B74FC13F}.Release|Any CPU.Build.0 = Release|Any CPU
		{F695CEF3-2C34-41CA-B039-68D8B74FC13F}.Release|x64.ActiveCfg = Release|Any CPU
		{F695CEF3-2C34-41CA-B039-68D8B74FC13F}.Release|x64.Build.0 = Release|Any CPU
		{F695CEF3-2C34-41CA-B039-68D8B74FC13F}.Release|x86.ActiveCfg = Release|Any CPU
		{F695CEF3-2C34-41CA-B039-68D8B74FC13F}.Release|x86.Build.0 = Release|Any CPU
		{75CF17CF-7DF0-413B-B65D-563C86927C9B}.Debug|Any CPU.ActiveCfg = Debug|Any CPU
		{75CF17CF-7DF0-413B-B65D-563C86927C9B}.Debug|Any CPU.Build.0 = Debug|Any CPU
		{75CF17CF-7DF0-413B-B65D-563C86927C9B}.Debug|x64.ActiveCfg = Debug|Any CPU
		{75CF17CF-7DF0-413B-B65D-563C86927C9B}.Debug|x64.Build.0 = Debug|Any CPU
		{75CF17CF-7DF0-413B-B65D-563C86927C9B}.Debug|x86.ActiveCfg = Debug|Any CPU
		{75CF17CF-7DF0-413B-B65D-563C86927C9B}.Debug|x86.Build.0 = Debug|Any CPU
		{75CF17CF-7DF0-413B-B65D-563C86927C9B}.Release|Any CPU.ActiveCfg = Release|Any CPU
		{75CF17CF-7DF0-413B-B65D-563C86927C9B}.Release|Any CPU.Build.0 = Release|Any CPU
		{75CF17CF-7DF0-413B-B65D-563C86927C9B}.Release|x64.ActiveCfg = Release|Any CPU
		{75CF17CF-7DF0-413B-B65D-563C86927C9B}.Release|x64.Build.0 = Release|Any CPU
		{75CF17CF-7DF0-413B-B65D-563C86927C9B}.Release|x86.ActiveCfg = Release|Any CPU
		{75CF17CF-7DF0-413B-B65D-563C86927C9B}.Release|x86.Build.0 = Release|Any CPU
		{0451D7D6-D923-4199-ACB3-772A2E4A0529}.Debug|Any CPU.ActiveCfg = Debug|Any CPU
		{0451D7D6-D923-4199-ACB3-772A2E4A0529}.Debug|Any CPU.Build.0 = Debug|Any CPU
		{0451D7D6-D923-4199-ACB3-772A2E4A0529}.Debug|x64.ActiveCfg = Debug|Any CPU
		{0451D7D6-D923-4199-ACB3-772A2E4A0529}.Debug|x64.Build.0 = Debug|Any CPU
		{0451D7D6-D923-4199-ACB3-772A2E4A0529}.Debug|x86.ActiveCfg = Debug|Any CPU
		{0451D7D6-D923-4199-ACB3-772A2E4A0529}.Debug|x86.Build.0 = Debug|Any CPU
		{0451D7D6-D923-4199-ACB3-772A2E4A0529}.Release|Any CPU.ActiveCfg = Release|Any CPU
		{0451D7D6-D923-4199-ACB3-772A2E4A0529}.Release|Any CPU.Build.0 = Release|Any CPU
		{0451D7D6-D923-4199-ACB3-772A2E4A0529}.Release|x64.ActiveCfg = Release|Any CPU
		{0451D7D6-D923-4199-ACB3-772A2E4A0529}.Release|x64.Build.0 = Release|Any CPU
		{0451D7D6-D923-4199-ACB3-772A2E4A0529}.Release|x86.ActiveCfg = Release|Any CPU
		{0451D7D6-D923-4199-ACB3-772A2E4A0529}.Release|x86.Build.0 = Release|Any CPU
		{BB000001-0000-0000-0000-000000000001}.Debug|Any CPU.ActiveCfg = Debug|Any CPU
		{BB000001-0000-0000-0000-000000000001}.Debug|Any CPU.Build.0 = Debug|Any CPU
		{BB000001-0000-0000-0000-000000000001}.Debug|x64.ActiveCfg = Debug|Any CPU
		{BB000001-0000-0000-0000-000000000001}.Debug|x64.Build.0 = Debug|Any CPU
		{BB000001-0000-0000-0000-000000000001}.Debug|x86.ActiveCfg = Debug|Any CPU
		{BB000001-0000-0000-0000-000000000001}.Debug|x86.Build.0 = Debug|Any CPU
		{BB000001-0000-0000-0000-000000000001}.Release|Any CPU.ActiveCfg = Release|Any CPU
		{BB000001-0000-0000-0000-000000000001}.Release|Any CPU.Build.0 = Release|Any CPU
		{BB000001-0000-0000-0000-000000000001}.Release|x64.ActiveCfg = Release|Any CPU
		{BB000001-0000-0000-0000-000000000001}.Release|x64.Build.0 = Release|Any CPU
		{BB000001-0000-0000-0000-000000000001}.Release|x86.ActiveCfg = Release|Any CPU
		{BB000001-0000-0000-0000-000000000001}.Release|x86.Build.0 = Release|Any CPU
		{BB000001-0000-0000-0000-000000000002}.Debug|Any CPU.ActiveCfg = Debug|Any CPU
		{BB000001-0000-0000-0000-000000000002}.Debug|Any CPU.Build.0 = Debug|Any CPU
		{BB000001-0000-0000-0000-000000000002}.Debug|x64.ActiveCfg = Debug|Any CPU
		{BB000001-0000-0000-0000-000000000002}.Debug|x64.Build.0 = Debug|Any CPU
		{BB000001-0000-0000-0000-000000000002}.Debug|x86.ActiveCfg = Debug|Any CPU
		{BB000001-0000-0000-0000-000000000002}.Debug|x86.Build.0 = Debug|Any CPU
		{BB000001-0000-0000-0000-000000000002}.Release|Any CPU.ActiveCfg = Release|Any CPU
		{BB000001-0000-0000-0000-000000000002}.Release|Any CPU.Build.0 = Release|Any CPU
		{BB000001-0000-0000-0000-000000000002}.Release|x64.ActiveCfg = Release|Any CPU
		{BB000001-0000-0000-0000-000000000002}.Release|x64.Build.0 = Release|Any CPU
		{BB000001-0000-0000-0000-000000000002}.Release|x86.ActiveCfg = Release|Any CPU
		{BB000001-0000-0000-0000-000000000002}.Release|x86.Build.0 = Release|Any CPU
		{BB000001-0000-0000-0000-000000000003}.Debug|Any CPU.ActiveCfg = Debug|Any CPU
		{BB000001-0000-0000-0000-000000000003}.Debug|Any CPU.Build.0 = Debug|Any CPU
		{BB000001-0000-0000-0000-000000000003}.Debug|x64.ActiveCfg = Debug|Any CPU
		{BB000001-0000-0000-0000-000000000003}.Debug|x64.Build.0 = Debug|Any CPU
		{BB000001-0000-0000-0000-000000000003}.Debug|x86.ActiveCfg = Debug|Any CPU
		{BB000001-0000-0000-0000-000000000003}.Debug|x86.Build.0 = Debug|Any CPU
		{BB000001-0000-0000-0000-000000000003}.Release|Any CPU.ActiveCfg = Release|Any CPU
		{BB000001-0000-0000-0000-000000000003}.Release|Any CPU.Build.0 = Release|Any CPU
		{BB000001-0000-0000-0000-000000000003}.Release|x64.ActiveCfg = Release|Any CPU
		{BB000001-0000-0000-0000-000000000003}.Release|x64.Build.0 = Release|Any CPU
		{BB000001-0000-0000-0000-000000000003}.Release|x86.ActiveCfg = Release|Any CPU
		{BB000001-0000-0000-0000-000000000003}.Release|x86.Build.0 = Release|Any CPU
		{BB000001-0000-0000-0000-000000000004}.Debug|Any CPU.ActiveCfg = Debug|Any CPU
		{BB000001-0000-0000-0000-000000000004}.Debug|Any CPU.Build.0 = Debug|Any CPU
		{BB000001-0000-0000-0000-000000000004}.Debug|x64.ActiveCfg = Debug|Any CPU
		{BB000001-0000-0000-0000-000000000004}.Debug|x64.Build.0 = Debug|Any CPU
		{BB000001-0000-0000-0000-000000000004}.Debug|x86.ActiveCfg = Debug|Any CPU
		{BB000001-0000-0000-0000-000000000004}.Debug|x86.Build.0 = Debug|Any CPU
		{BB000001-0000-0000-0000-000000000004}.Release|Any CPU.ActiveCfg = Release|Any CPU
		{BB000001-0000-0000-0000-000000000004}.Release|Any CPU.Build.0 = Release|Any CPU
		{BB000001-0000-0000-0000-000000000004}.Release|x64.ActiveCfg = Release|Any CPU
		{BB000001-0000-0000-0000-000000000004}.Release|x64.Build.0 = Release|Any CPU
		{BB000001-0000-0000-0000-000000000004}.Release|x86.ActiveCfg = Release|Any CPU
		{BB000001-0000-0000-0000-000000000004}.Release|x86.Build.0 = Release|Any CPU
		{BB000001-0000-0000-0000-000000000005}.Debug|Any CPU.ActiveCfg = Debug|Any CPU
		{BB000001-0000-0000-0000-000000000005}.Debug|Any CPU.Build.0 = Debug|Any CPU
		{BB000001-0000-0000-0000-000000000005}.Debug|x64.ActiveCfg = Debug|Any CPU
		{BB000001-0000-0000-0000-000000000005}.Debug|x64.Build.0 = Debug|Any CPU
		{BB000001-0000-0000-0000-000000000005}.Debug|x86.ActiveCfg = Debug|Any CPU
		{BB000001-0000-0000-0000-000000000005}.Debug|x86.Build.0 = Debug|Any CPU
		{BB000001-0000-0000-0000-000000000005}.Release|Any CPU.ActiveCfg = Release|Any CPU
		{BB000001-0000-0000-0000-000000000005}.Release|Any CPU.Build.0 = Release|Any CPU
		{BB000001-0000-0000-0000-000000000005}.Release|x64.ActiveCfg = Release|Any CPU
		{BB000001-0000-0000-0000-000000000005}.Release|x64.Build.0 = Release|Any CPU
		{BB000001-0000-0000-0000-000000000005}.Release|x86.ActiveCfg = Release|Any CPU
		{BB000001-0000-0000-0000-000000000005}.Release|x86.Build.0 = Release|Any CPU
	EndGlobalSection
	GlobalSection(SolutionProperties) = preSolution
		HideSolutionNode = FALSE
	EndGlobalSection
	GlobalSection(NestedProjects) = preSolution
		{37793750-5272-4B72-8B19-F0BCA65CB36E} = {4F52FD11-658E-A102-6CD3-7D7C16FFA15B}
		{7B8E0CDB-CA9E-41FB-B773-18852E2DC32C} = {C3A202AD-EADD-4864-49DF-ED20E2971546}
		{C8D75C2E-7885-7BA5-6C2A-3B54F0DECB23} = {5854FF58-B8C5-05C6-5BF2-ACE42193F22B}
		{B7D26AEF-DAFF-8B3A-32C4-19039D212993} = {C8D75C2E-7885-7BA5-6C2A-3B54F0DECB23}
		{8D811D2E-FF71-0CC9-870A-E3B5B6ADD38F} = {B7D26AEF-DAFF-8B3A-32C4-19039D212993}
		{9E0CA1E8-3F1C-43A2-B7C9-34E92D84EC94} = {8D811D2E-FF71-0CC9-870A-E3B5B6ADD38F}
		{393B287E-B272-F8C3-8159-F2051094C4E2} = {5854FF58-B8C5-05C6-5BF2-ACE42193F22B}
		{8CD61F95-9CCE-8840-A130-CBDE90509BB5} = {393B287E-B272-F8C3-8159-F2051094C4E2}
		{432A1CF2-A18C-EFBB-DB8C-AE644B5F53E6} = {8CD61F95-9CCE-8840-A130-CBDE90509BB5}
		{F548C542-1B0E-4B54-B312-F0EC96178F30} = {432A1CF2-A18C-EFBB-DB8C-AE644B5F53E6}
		{0B40FF96-37DE-B1F0-002A-751154647A62} = {8CD61F95-9CCE-8840-A130-CBDE90509BB5}
		{86C225B8-389D-4344-AE9E-C3279DB3CCDA} = {0B40FF96-37DE-B1F0-002A-751154647A62}
		{46896A3C-3CFF-0547-47F8-E80D36D0E350} = {8CD61F95-9CCE-8840-A130-CBDE90509BB5}
		{A264D751-7647-496A-96C2-322C57E6FB21} = {46896A3C-3CFF-0547-47F8-E80D36D0E350}
		{C126AD7B-9D44-4381-B695-52A73DF4C79C} = {432A1CF2-A18C-EFBB-DB8C-AE644B5F53E6}
		{3140C552-06C4-4C68-9F9A-2BCB0ED0E6DA} = {432A1CF2-A18C-EFBB-DB8C-AE644B5F53E6}
		{C8004EA4-AF7C-B319-B0F5-49788E13279C} = {8CD61F95-9CCE-8840-A130-CBDE90509BB5}
		{4A665229-4E10-47EA-9B1F-9E84A1A5BFE7} = {C8004EA4-AF7C-B319-B0F5-49788E13279C}
		{29D26C94-DBBD-467F-8109-E4DEAE55B6D1} = {C8004EA4-AF7C-B319-B0F5-49788E13279C}
		{4DB19F03-33AC-D44A-562B-BAC391512EB7} = {B7D26AEF-DAFF-8B3A-32C4-19039D212993}
		{E43966DF-2815-4B04-A974-9F092AD08C66} = {4DB19F03-33AC-D44A-562B-BAC391512EB7}
		{88EDE6FB-4C4B-4E40-B13A-430C481517A2} = {4DB19F03-33AC-D44A-562B-BAC391512EB7}
		{293F2DC2-C11D-D764-3001-BCDEF2FA8FE1} = {B7D26AEF-DAFF-8B3A-32C4-19039D212993}
		{5E7C440F-D17E-4194-9F9B-7B7088E6E7C0} = {293F2DC2-C11D-D764-3001-BCDEF2FA8FE1}
		{9DB633D5-F5C2-4A40-BF3F-43478973FDC9} = {8D811D2E-FF71-0CC9-870A-E3B5B6ADD38F}
		{A02741C9-5A12-BA3E-2B7D-73D10C58B1AA} = {B7D26AEF-DAFF-8B3A-32C4-19039D212993}
		{97644B43-E7FB-4A01-8C60-F618930210BF} = {A02741C9-5A12-BA3E-2B7D-73D10C58B1AA}
		{F4F56CFB-7D58-4268-B8BC-7F0229CDCDAA} = {A02741C9-5A12-BA3E-2B7D-73D10C58B1AA}
		{77149BE8-5AAD-C99A-7D99-2C3357839948} = {5854FF58-B8C5-05C6-5BF2-ACE42193F22B}
		{AB16FD52-F42A-E2B0-F00A-17D1EDBF83BA} = {77149BE8-5AAD-C99A-7D99-2C3357839948}
		{EC3B9344-FE4C-D288-D08F-45E79DB53F74} = {AB16FD52-F42A-E2B0-F00A-17D1EDBF83BA}
		{141384CC-3237-47A5-872B-EC0F44F16803} = {EC3B9344-FE4C-D288-D08F-45E79DB53F74}
		{03E3F128-AE7C-4253-AAED-32C29F0C3A3F} = {EC3B9344-FE4C-D288-D08F-45E79DB53F74}
		{CCF72A8C-D4E9-F5E3-BEEA-368247672760} = {AB16FD52-F42A-E2B0-F00A-17D1EDBF83BA}
		{B84E3AB5-71C0-420B-9787-DABA9AE8EC31} = {CCF72A8C-D4E9-F5E3-BEEA-368247672760}
		{AF09D864-8AD9-4852-12A2-E6C8A6C67077} = {AB16FD52-F42A-E2B0-F00A-17D1EDBF83BA}
		{F68B70DF-896F-46E7-9855-3D83CFB1CDB5} = {AF09D864-8AD9-4852-12A2-E6C8A6C67077}
		{4858CF79-867E-4264-9366-3636CAA422C4} = {AF09D864-8AD9-4852-12A2-E6C8A6C67077}
		{FA3D7BE7-8519-585F-D2A1-9C7AAD899DAA} = {5854FF58-B8C5-05C6-5BF2-ACE42193F22B}
		{90968264-FB96-1AA8-CFC6-F43A5242A36F} = {FA3D7BE7-8519-585F-D2A1-9C7AAD899DAA}
		{C102850E-E3F5-EA1A-5992-57B0F3924AC5} = {90968264-FB96-1AA8-CFC6-F43A5242A36F}
		{2AE66767-B53D-4F4C-ABAA-2BB20801544E} = {C102850E-E3F5-EA1A-5992-57B0F3924AC5}
		{4DA34452-1A85-4CA3-8868-F4AF5C2E9A7B} = {C102850E-E3F5-EA1A-5992-57B0F3924AC5}
		{745304A9-FC9B-1B3F-825C-6910EE1C86F3} = {90968264-FB96-1AA8-CFC6-F43A5242A36F}
		{EF46CC3B-801F-4026-A8E6-7637C457DB7F} = {745304A9-FC9B-1B3F-825C-6910EE1C86F3}
		{C8C17B98-B014-2F6B-69E2-D51203996AB5} = {90968264-FB96-1AA8-CFC6-F43A5242A36F}
		{7DAA2E2C-6EDA-4486-A856-F96ED1C90D96} = {C8C17B98-B014-2F6B-69E2-D51203996AB5}
		{F695CEF3-2C34-41CA-B039-68D8B74FC13F} = {C8C17B98-B014-2F6B-69E2-D51203996AB5}
		{13857D0B-5D1E-3CEC-02FD-3A40604065F7} = {90968264-FB96-1AA8-CFC6-F43A5242A36F}
		{75CF17CF-7DF0-413B-B65D-563C86927C9B} = {13857D0B-5D1E-3CEC-02FD-3A40604065F7}
		{0451D7D6-D923-4199-ACB3-772A2E4A0529} = {13857D0B-5D1E-3CEC-02FD-3A40604065F7}
		{AA000001-0000-0000-0000-000000000001} = {5854FF58-B8C5-05C6-5BF2-ACE42193F22B}
		{AA000001-0000-0000-0000-000000000002} = {AA000001-0000-0000-0000-000000000001}
		{AA000001-0000-0000-0000-000000000003} = {AA000001-0000-0000-0000-000000000002}
		{AA000001-0000-0000-0000-000000000004} = {AA000001-0000-0000-0000-000000000002}
		{AA000001-0000-0000-0000-000000000005} = {AA000001-0000-0000-0000-000000000002}
		{BB000001-0000-0000-0000-000000000001} = {AA000001-0000-0000-0000-000000000003}
		{BB000001-0000-0000-0000-000000000002} = {AA000001-0000-0000-0000-000000000003}
		{BB000001-0000-0000-0000-000000000003} = {AA000001-0000-0000-0000-000000000004}
		{BB000001-0000-0000-0000-000000000004} = {AA000001-0000-0000-0000-000000000004}
		{BB000001-0000-0000-0000-000000000005} = {AA000001-0000-0000-0000-000000000005}
	EndGlobalSection
EndGlobal
